
Microsoft Visual Studio Solution File, Format Version 12.00
# Visual Studio Version 17
VisualStudioVersion = 17.13.35931.197 d17.13
MinimumVisualStudioVersion = 10.0.40219.1
Project("{FAE04EC0-301F-11D3-BF4B-00C04F79EFBC}") = "CarRetal-Backend", "CarRetal-Backend\CarRetal-Backend.csproj", "{93E7C2D2-56D7-450B-B628-32A703C3FAED}"
EndProject
Global
	GlobalSection(SolutionConfigurationPlatforms) = preSolution
		Debug|Any CPU = Debug|Any CPU
		Release|Any CPU = Release|Any CPU
	EndGlobalSection
	GlobalSection(ProjectConfigurationPlatforms) = postSolution
		{93E7C2D2-56D7-450B-B628-32A703C3FAED}.Debug|Any CPU.ActiveCfg = Debug|Any CPU
		{93E7C2D2-56D7-450B-B628-32A703C3FAED}.Debug|Any CPU.Build.0 = Debug|Any CPU
		{93E7C2D2-56D7-450B-B628-32A703C3FAED}.Release|Any CPU.ActiveCfg = Release|Any CPU
		{93E7C2D2-56D7-450B-B628-32A703C3FAED}.Release|Any CPU.Build.0 = Release|Any CPU
	EndGlobalSection
	GlobalSection(SolutionProperties) = preSolution
		HideSolutionNode = FALSE
	EndGlobalSection
	GlobalSection(ExtensibilityGlobals) = postSolution
		SolutionGuid = {34C26AC5-0D03-4D9D-9A62-8B90DC72748D}
	EndGlobalSection
EndGlobal
